
Microsoft Visual Studio Solution File, Format Version 12.00
# Visual Studio Version 17
VisualStudioVersion = 17.5.002.0
MinimumVisualStudioVersion = 10.0.40219.1
Project("{9A19103F-16F7-4668-BE54-9A1E7A4F7556}") = "TrilhaApiDesafio", "TrilhaApiDesafio.csproj", "{748602CB-28F7-4FB7-8664-085742C66C4E}"
EndProject
Global
	GlobalSection(SolutionConfigurationPlatforms) = preSolution
		Debug|Any CPU = Debug|Any CPU
		Release|Any CPU = Release|Any CPU
	EndGlobalSection
	GlobalSection(ProjectConfigurationPlatforms) = postSolution
		{748602CB-28F7-4FB7-8664-085742C66C4E}.Debug|Any CPU.ActiveCfg = Debug|Any CPU
		{748602CB-28F7-4FB7-8664-085742C66C4E}.Debug|Any CPU.Build.0 = Debug|Any CPU
		{748602CB-28F7-4FB7-8664-085742C66C4E}.Release|Any CPU.ActiveCfg = Release|Any CPU
		{748602CB-28F7-4FB7-8664-085742C66C4E}.Release|Any CPU.Build.0 = Release|Any CPU
	EndGlobalSection
	GlobalSection(SolutionProperties) = preSolution
		HideSolutionNode = FALSE
	EndGlobalSection
	GlobalSection(ExtensibilityGlobals) = postSolution
		SolutionGuid = {53EA792D-2600-4763-89F1-DB4B8B554380}
	EndGlobalSection
EndGlobal
